
Microsoft Visual Studio Solution File, Format Version 12.00
Project("{2150E333-8FDC-42A3-9474-1A3956D46DE8}") = "Application", "Application", "{C2926295-F9A4-4782-B55C-AE6035011F84}"
EndProject
Project("{2150E333-8FDC-42A3-9474-1A3956D46DE8}") = "Domain", "Domain", "{DB71E4C9-34EF-4B15-80FB-D2A216734567}"
EndProject
Project("{2150E333-8FDC-42A3-9474-1A3956D46DE8}") = "Infrastructure", "Infrastructure", "{3AD2BB7E-FAC5-458A-B374-E209C00C6382}"
EndProject
Project("{2150E333-8FDC-42A3-9474-1A3956D46DE8}") = "Shared", "Shared", "{54CDBB24-4593-4DEA-AB5E-D9EAC2FEA130}"
EndProject
Project("{2150E333-8FDC-42A3-9474-1A3956D46DE8}") = "Tests", "Tests", "{2BD536FA-C7FA-406C-9090-5E0C412A146E}"
EndProject
Project("{FAE04EC0-301F-11D3-BF4B-00C04F79EFBC}") = "Application.Host.Api", "Application\Application.Host.Api\Application.Host.Api.csproj", "{C5B387AA-2067-481A-922F-ACE626425CC8}"
EndProject
Project("{FAE04EC0-301F-11D3-BF4B-00C04F79EFBC}") = "Shared.ServiceDefaults", "Shared\Shared.ServiceDefaults\Shared.ServiceDefaults.csproj", "{F1914F83-BC05-4EAF-A1FA-2F7395913391}"
EndProject
Project("{FAE04EC0-301F-11D3-BF4B-00C04F79EFBC}") = "AppHost", "AppHost\AppHost.csproj", "{2B3273BA-5D03-4B91-B283-4DBB6630B5CF}"
EndProject
Project("{FAE04EC0-301F-11D3-BF4B-00C04F79EFBC}") = "Infrastructure.EntityFrameworkCore", "Infrastructure\Infrastructure.EntityFrameworkCore\Infrastructure.EntityFrameworkCore.csproj", "{8CF75508-02B1-474F-9B33-223A0D98912B}"
EndProject
Project("{FAE04EC0-301F-11D3-BF4B-00C04F79EFBC}") = "Shared.Enums", "Shared\Shared.Enums\Shared.Enums.csproj", "{65239E98-4F1D-476A-8E93-E18F256978FA}"
EndProject
Project("{FAE04EC0-301F-11D3-BF4B-00C04F79EFBC}") = "Domain.Entities", "Domain\Domain.Entities\Domain.Entities.csproj", "{9268AC39-4B34-4FB2-8832-A61E8919FAD7}"
EndProject
Project("{FAE04EC0-301F-11D3-BF4B-00C04F79EFBC}") = "Domain.Abstractions", "Domain\Domain.Abstractions\Domain.Abstractions.csproj", "{87FAB3DE-01C6-432B-A54F-559E00F1AB84}"
EndProject
Project("{FAE04EC0-301F-11D3-BF4B-00C04F79EFBC}") = "Domain.Services", "Domain\Domain.Services\Domain.Services.csproj", "{A3D55550-3CED-41F7-A1E0-C49137936792}"
EndProject
Project("{FAE04EC0-301F-11D3-BF4B-00C04F79EFBC}") = "Application.Services", "Application\Application.Services\Application.Services.csproj", "{C4E90EE4-E8B0-475D-A7A4-EC7CFFE8F06C}"
EndProject
Project("{2150E333-8FDC-42A3-9474-1A3956D46DE8}") = "Migrations", "Migrations", "{0B20DC1A-2787-4D23-B21E-2E1038E08DAA}"
EndProject
Project("{FAE04EC0-301F-11D3-BF4B-00C04F79EFBC}") = "Domain.Migrations.SqlServer", "Domain\Migrations\Domain.Migrations.SqlServer\Domain.Migrations.SqlServer.csproj", "{3D0B471B-62B0-4345-B99F-57EEFEB97F5A}"
EndProject
Project("{FAE04EC0-301F-11D3-BF4B-00C04F79EFBC}") = "Infrastructure.MassTransit", "Infrastructure\Infrastructure.MassTransit\Infrastructure.MassTransit.csproj", "{9F172953-73FA-4598-9D07-AE40D8CE45F8}"
EndProject
Project("{FAE04EC0-301F-11D3-BF4B-00C04F79EFBC}") = "Application.CQRS", "Application\Application.CQRS\Application.CQRS.csproj", "{6995F43E-53F2-4428-ADE2-492EAB7043D6}"
EndProject
Project("{2150E333-8FDC-42A3-9474-1A3956D46DE8}") = "AMQP", "AMQP", "{6F2C3E32-D30D-45FC-8E6E-C9DEA970017B}"
EndProject
Project("{FAE04EC0-301F-11D3-BF4B-00C04F79EFBC}") = "Domain.AMQP.Consumers", "Domain\AMQP\Domain.AMQP.Consumers\Domain.AMQP.Consumers.csproj", "{CF7977CA-437D-4AC0-87E1-3ABAD720C0F6}"
EndProject
Project("{FAE04EC0-301F-11D3-BF4B-00C04F79EFBC}") = "Domain.Migrations.Postgres", "Domain\Migrations\Domain.Migrations.Postgres\Domain.Migrations.Postgres.csproj", "{0C0576CA-1E71-43F9-A66A-E5FD563D1CE3}"
EndProject
Project("{FAE04EC0-301F-11D3-BF4B-00C04F79EFBC}") = "Shared.Resilience", "Shared\Shared.Resilience\Shared.Resilience.csproj", "{BCFD38C3-3118-4A46-BFF6-B30A789B3395}"
EndProject
Project("{FAE04EC0-301F-11D3-BF4B-00C04F79EFBC}") = "Shared.Exceptions", "Shared\Shared.Exceptions\Shared.Exceptions.csproj", "{3369317B-46A1-40CF-95DA-7A50619300CE}"
EndProject
Project("{FAE04EC0-301F-11D3-BF4B-00C04F79EFBC}") = "Infrastructure.Storage", "Infrastructure\Infrastructure.Storage\Infrastructure.Storage.csproj", "{90C7EC07-D993-41CB-9037-54F7A4D84C7A}"
EndProject
Project("{2150E333-8FDC-42A3-9474-1A3956D46DE8}") = "Authentication", "Authentication", "{9A18D258-F83A-41FE-B88C-AC6FB8B3104F}"
EndProject
Project("{FAE04EC0-301F-11D3-BF4B-00C04F79EFBC}") = "Infrastructure.Authentication.Abstractions", "Infrastructure\Authentication\Infrastructure.Authentication.Abstractions\Infrastructure.Authentication.Abstractions.csproj", "{5629544F-7C71-4691-8554-EB323CE8D88E}"
EndProject
Project("{FAE04EC0-301F-11D3-BF4B-00C04F79EFBC}") = "Infrastructure.Authentication", "Infrastructure\Authentication\Infrastructure.Authentication\Infrastructure.Authentication.csproj", "{CD0E1BC6-8168-49E1-BC51-7CEF1279BFE2}"
EndProject
Project("{FAE04EC0-301F-11D3-BF4B-00C04F79EFBC}") = "Domain.AMQP.MessageContracts", "Domain\AMQP\Domain.AMQP.MessageContracts\Domain.AMQP.MessageContracts.csproj", "{50F9458C-0201-454B-8253-E4D5F162EF18}"
EndProject
Project("{FAE04EC0-301F-11D3-BF4B-00C04F79EFBC}") = "Application.Host.Worker", "Application\Application.Host.Worker\Application.Host.Worker.csproj", "{1E0476EA-0228-4BC0-B48E-30C1632D9294}"
EndProject
Project("{FAE04EC0-301F-11D3-BF4B-00C04F79EFBC}") = "Application.Abstractions", "Application\Application.Abstractions\Application.Abstractions.csproj", "{7E015DA6-48E5-48E9-96DD-A9CFB9709B73}"
EndProject
Project("{2150E333-8FDC-42A3-9474-1A3956D46DE8}") = "Presentation", "Presentation", "{C2C70E02-C871-4D91-8DAA-F7ACD9EFF3F5}"
EndProject
Project("{FAE04EC0-301F-11D3-BF4B-00C04F79EFBC}") = "Domain.Startup", "Domain\Domain.Startup\Domain.Startup.csproj", "{586C8A29-73CE-4999-BC12-7C7269760CBC}"
EndProject
Project("{FAE04EC0-301F-11D3-BF4B-00C04F79EFBC}") = "Domain.Migrations.MySql", "Domain\Migrations\Domain.Migrations.MySql\Domain.Migrations.MySql.csproj", "{76DC4394-3830-4DE3-9DA0-BA90A0344390}"
EndProject
Project("{FAE04EC0-301F-11D3-BF4B-00C04F79EFBC}") = "Domain.Migrations.MariaDb", "Domain\Migrations\Domain.Migrations.MariaDb\Domain.Migrations.MariaDb.csproj", "{203D85B6-F192-487C-875B-B219221C1C64}"
EndProject
Project("{FAE04EC0-301F-11D3-BF4B-00C04F79EFBC}") = "Shared.Abstractions", "Shared\Shared.Abstractions\Shared.Abstractions.csproj", "{0F9CDAF7-0FF5-4DA3-8403-AFD9B7F7D5F6}"
EndProject
Project("{FAE04EC0-301F-11D3-BF4B-00C04F79EFBC}") = "Shared.Extensions", "Shared\Shared.Extensions\Shared.Extensions.csproj", "{0EC3B03C-AFD6-469A-868A-E70301073629}"
EndProject
Project("{FAE04EC0-301F-11D3-BF4B-00C04F79EFBC}") = "AppHost.WaitforDependencies", "AppHost.WaitforDependencies\AppHost.WaitforDependencies.csproj", "{EDAD02F1-4248-4817-AAEC-92BFD6D7D9DC}"
EndProject
Project("{FAE04EC0-301F-11D3-BF4B-00C04F79EFBC}") = "Presentation.Blazor", "Presentation\Presentation.Blazor\Presentation.Blazor\Presentation.Blazor.csproj", "{169F2309-4B31-4241-8FC7-1B4077F85921}"
EndProject
Project("{FAE04EC0-301F-11D3-BF4B-00C04F79EFBC}") = "Presentation.Blazor.Client", "Presentation\Presentation.Blazor\Presentation.Blazor.Client\Presentation.Blazor.Client.csproj", "{E1ADF62C-464D-47AB-95E3-902D76C050DC}"
EndProject
Project("{FAE04EC0-301F-11D3-BF4B-00C04F79EFBC}") = "Presentation.Blazor.Components", "Presentation\Presentation.Blazor\Presentation.Blazor.Components\Presentation.Blazor.Components.csproj", "{094FC278-931B-4685-B09C-D6D461B971E9}"
EndProject
Project("{FAE04EC0-301F-11D3-BF4B-00C04F79EFBC}") = "Infrastructure.Authentication.IntegrationTests", "Infrastructure\Authentication\Infrastructure.Authentication.IntegrationTests\Infrastructure.Authentication.IntegrationTests.csproj", "{3CF7F1DC-1420-4C9C-A316-3F141A263013}"
EndProject
Project("{2150E333-8FDC-42A3-9474-1A3956D46DE8}") = "Scheduler", "Scheduler", "{FFAAFAB1-E172-4A6E-B1EE-A4FA24911177}"
EndProject
Project("{FAE04EC0-301F-11D3-BF4B-00C04F79EFBC}") = "Domain.Scheduler.Tasks", "Domain\Scheduler\Domain.Scheduler.Tasks\Domain.Scheduler.Tasks.csproj", "{CB4C66FF-CEA7-44E4-A7B9-D778F69FC730}"
EndProject
Project("{FAE04EC0-301F-11D3-BF4B-00C04F79EFBC}") = "Infrastructure.Email", "Infrastructure\Infrastructure.Email\Infrastructure.Email.csproj", "{660D22DA-D6BD-449B-B1B5-1DFA31D50BAC}"
EndProject
Project("{FAE04EC0-301F-11D3-BF4B-00C04F79EFBC}") = "Infrastructure.Scheduler", "Infrastructure\Infrastructure.Scheduler\Infrastructure.Scheduler.csproj", "{0637C370-1908-40AF-93F2-E5A3BBC391A1}"
EndProject
Global
	GlobalSection(SolutionConfigurationPlatforms) = preSolution
		Debug|Any CPU = Debug|Any CPU
		Release|Any CPU = Release|Any CPU
	EndGlobalSection
	GlobalSection(NestedProjects) = preSolution
		{2BD536FA-C7FA-406C-9090-5E0C412A146E} = {C2926295-F9A4-4782-B55C-AE6035011F84}
		{C5B387AA-2067-481A-922F-ACE626425CC8} = {C2926295-F9A4-4782-B55C-AE6035011F84}
		{F1914F83-BC05-4EAF-A1FA-2F7395913391} = {54CDBB24-4593-4DEA-AB5E-D9EAC2FEA130}
		{8CF75508-02B1-474F-9B33-223A0D98912B} = {3AD2BB7E-FAC5-458A-B374-E209C00C6382}
		{65239E98-4F1D-476A-8E93-E18F256978FA} = {54CDBB24-4593-4DEA-AB5E-D9EAC2FEA130}
		{9268AC39-4B34-4FB2-8832-A61E8919FAD7} = {DB71E4C9-34EF-4B15-80FB-D2A216734567}
		{87FAB3DE-01C6-432B-A54F-559E00F1AB84} = {DB71E4C9-34EF-4B15-80FB-D2A216734567}
		{A3D55550-3CED-41F7-A1E0-C49137936792} = {DB71E4C9-34EF-4B15-80FB-D2A216734567}
		{C4E90EE4-E8B0-475D-A7A4-EC7CFFE8F06C} = {C2926295-F9A4-4782-B55C-AE6035011F84}
		{0B20DC1A-2787-4D23-B21E-2E1038E08DAA} = {DB71E4C9-34EF-4B15-80FB-D2A216734567}
		{3D0B471B-62B0-4345-B99F-57EEFEB97F5A} = {0B20DC1A-2787-4D23-B21E-2E1038E08DAA}
		{9F172953-73FA-4598-9D07-AE40D8CE45F8} = {3AD2BB7E-FAC5-458A-B374-E209C00C6382}
		{6995F43E-53F2-4428-ADE2-492EAB7043D6} = {C2926295-F9A4-4782-B55C-AE6035011F84}
		{6F2C3E32-D30D-45FC-8E6E-C9DEA970017B} = {DB71E4C9-34EF-4B15-80FB-D2A216734567}
		{CF7977CA-437D-4AC0-87E1-3ABAD720C0F6} = {6F2C3E32-D30D-45FC-8E6E-C9DEA970017B}
		{0C0576CA-1E71-43F9-A66A-E5FD563D1CE3} = {0B20DC1A-2787-4D23-B21E-2E1038E08DAA}
		{BCFD38C3-3118-4A46-BFF6-B30A789B3395} = {54CDBB24-4593-4DEA-AB5E-D9EAC2FEA130}
		{3369317B-46A1-40CF-95DA-7A50619300CE} = {54CDBB24-4593-4DEA-AB5E-D9EAC2FEA130}
		{90C7EC07-D993-41CB-9037-54F7A4D84C7A} = {3AD2BB7E-FAC5-458A-B374-E209C00C6382}
		{9A18D258-F83A-41FE-B88C-AC6FB8B3104F} = {3AD2BB7E-FAC5-458A-B374-E209C00C6382}
		{5629544F-7C71-4691-8554-EB323CE8D88E} = {9A18D258-F83A-41FE-B88C-AC6FB8B3104F}
		{CD0E1BC6-8168-49E1-BC51-7CEF1279BFE2} = {9A18D258-F83A-41FE-B88C-AC6FB8B3104F}
		{50F9458C-0201-454B-8253-E4D5F162EF18} = {6F2C3E32-D30D-45FC-8E6E-C9DEA970017B}
		{1E0476EA-0228-4BC0-B48E-30C1632D9294} = {C2926295-F9A4-4782-B55C-AE6035011F84}
		{7E015DA6-48E5-48E9-96DD-A9CFB9709B73} = {C2926295-F9A4-4782-B55C-AE6035011F84}
		{586C8A29-73CE-4999-BC12-7C7269760CBC} = {DB71E4C9-34EF-4B15-80FB-D2A216734567}
		{76DC4394-3830-4DE3-9DA0-BA90A0344390} = {0B20DC1A-2787-4D23-B21E-2E1038E08DAA}
		{203D85B6-F192-487C-875B-B219221C1C64} = {0B20DC1A-2787-4D23-B21E-2E1038E08DAA}
		{0F9CDAF7-0FF5-4DA3-8403-AFD9B7F7D5F6} = {54CDBB24-4593-4DEA-AB5E-D9EAC2FEA130}
		{0EC3B03C-AFD6-469A-868A-E70301073629} = {54CDBB24-4593-4DEA-AB5E-D9EAC2FEA130}
		{169F2309-4B31-4241-8FC7-1B4077F85921} = {C2C70E02-C871-4D91-8DAA-F7ACD9EFF3F5}
		{E1ADF62C-464D-47AB-95E3-902D76C050DC} = {C2C70E02-C871-4D91-8DAA-F7ACD9EFF3F5}
		{094FC278-931B-4685-B09C-D6D461B971E9} = {C2C70E02-C871-4D91-8DAA-F7ACD9EFF3F5}
		{3CF7F1DC-1420-4C9C-A316-3F141A263013} = {9A18D258-F83A-41FE-B88C-AC6FB8B3104F}
		{FFAAFAB1-E172-4A6E-B1EE-A4FA24911177} = {DB71E4C9-34EF-4B15-80FB-D2A216734567}
		{CB4C66FF-CEA7-44E4-A7B9-D778F69FC730} = {FFAAFAB1-E172-4A6E-B1EE-A4FA24911177}
		{660D22DA-D6BD-449B-B1B5-1DFA31D50BAC} = {3AD2BB7E-FAC5-458A-B374-E209C00C6382}
		{0637C370-1908-40AF-93F2-E5A3BBC391A1} = {3AD2BB7E-FAC5-458A-B374-E209C00C6382}
	EndGlobalSection
	GlobalSection(ProjectConfigurationPlatforms) = postSolution
		{C5B387AA-2067-481A-922F-ACE626425CC8}.Debug|Any CPU.ActiveCfg = Debug|Any CPU
		{C5B387AA-2067-481A-922F-ACE626425CC8}.Debug|Any CPU.Build.0 = Debug|Any CPU
		{C5B387AA-2067-481A-922F-ACE626425CC8}.Release|Any CPU.ActiveCfg = Release|Any CPU
		{C5B387AA-2067-481A-922F-ACE626425CC8}.Release|Any CPU.Build.0 = Release|Any CPU
		{F1914F83-BC05-4EAF-A1FA-2F7395913391}.Debug|Any CPU.ActiveCfg = Debug|Any CPU
		{F1914F83-BC05-4EAF-A1FA-2F7395913391}.Debug|Any CPU.Build.0 = Debug|Any CPU
		{F1914F83-BC05-4EAF-A1FA-2F7395913391}.Release|Any CPU.ActiveCfg = Release|Any CPU
		{F1914F83-BC05-4EAF-A1FA-2F7395913391}.Release|Any CPU.Build.0 = Release|Any CPU
		{2B3273BA-5D03-4B91-B283-4DBB6630B5CF}.Debug|Any CPU.ActiveCfg = Debug|Any CPU
		{2B3273BA-5D03-4B91-B283-4DBB6630B5CF}.Debug|Any CPU.Build.0 = Debug|Any CPU
		{2B3273BA-5D03-4B91-B283-4DBB6630B5CF}.Release|Any CPU.ActiveCfg = Release|Any CPU
		{2B3273BA-5D03-4B91-B283-4DBB6630B5CF}.Release|Any CPU.Build.0 = Release|Any CPU
		{8CF75508-02B1-474F-9B33-223A0D98912B}.Debug|Any CPU.ActiveCfg = Debug|Any CPU
		{8CF75508-02B1-474F-9B33-223A0D98912B}.Debug|Any CPU.Build.0 = Debug|Any CPU
		{8CF75508-02B1-474F-9B33-223A0D98912B}.Release|Any CPU.ActiveCfg = Release|Any CPU
		{8CF75508-02B1-474F-9B33-223A0D98912B}.Release|Any CPU.Build.0 = Release|Any CPU
		{65239E98-4F1D-476A-8E93-E18F256978FA}.Debug|Any CPU.ActiveCfg = Debug|Any CPU
		{65239E98-4F1D-476A-8E93-E18F256978FA}.Debug|Any CPU.Build.0 = Debug|Any CPU
		{65239E98-4F1D-476A-8E93-E18F256978FA}.Release|Any CPU.ActiveCfg = Release|Any CPU
		{65239E98-4F1D-476A-8E93-E18F256978FA}.Release|Any CPU.Build.0 = Release|Any CPU
		{9268AC39-4B34-4FB2-8832-A61E8919FAD7}.Debug|Any CPU.ActiveCfg = Debug|Any CPU
		{9268AC39-4B34-4FB2-8832-A61E8919FAD7}.Debug|Any CPU.Build.0 = Debug|Any CPU
		{9268AC39-4B34-4FB2-8832-A61E8919FAD7}.Release|Any CPU.ActiveCfg = Release|Any CPU
		{9268AC39-4B34-4FB2-8832-A61E8919FAD7}.Release|Any CPU.Build.0 = Release|Any CPU
		{87FAB3DE-01C6-432B-A54F-559E00F1AB84}.Debug|Any CPU.ActiveCfg = Debug|Any CPU
		{87FAB3DE-01C6-432B-A54F-559E00F1AB84}.Debug|Any CPU.Build.0 = Debug|Any CPU
		{87FAB3DE-01C6-432B-A54F-559E00F1AB84}.Release|Any CPU.ActiveCfg = Release|Any CPU
		{87FAB3DE-01C6-432B-A54F-559E00F1AB84}.Release|Any CPU.Build.0 = Release|Any CPU
		{A3D55550-3CED-41F7-A1E0-C49137936792}.Debug|Any CPU.ActiveCfg = Debug|Any CPU
		{A3D55550-3CED-41F7-A1E0-C49137936792}.Debug|Any CPU.Build.0 = Debug|Any CPU
		{A3D55550-3CED-41F7-A1E0-C49137936792}.Release|Any CPU.ActiveCfg = Release|Any CPU
		{A3D55550-3CED-41F7-A1E0-C49137936792}.Release|Any CPU.Build.0 = Release|Any CPU
		{C4E90EE4-E8B0-475D-A7A4-EC7CFFE8F06C}.Debug|Any CPU.ActiveCfg = Debug|Any CPU
		{C4E90EE4-E8B0-475D-A7A4-EC7CFFE8F06C}.Debug|Any CPU.Build.0 = Debug|Any CPU
		{C4E90EE4-E8B0-475D-A7A4-EC7CFFE8F06C}.Release|Any CPU.ActiveCfg = Release|Any CPU
		{C4E90EE4-E8B0-475D-A7A4-EC7CFFE8F06C}.Release|Any CPU.Build.0 = Release|Any CPU
		{3D0B471B-62B0-4345-B99F-57EEFEB97F5A}.Debug|Any CPU.ActiveCfg = Debug|Any CPU
		{3D0B471B-62B0-4345-B99F-57EEFEB97F5A}.Debug|Any CPU.Build.0 = Debug|Any CPU
		{3D0B471B-62B0-4345-B99F-57EEFEB97F5A}.Release|Any CPU.ActiveCfg = Release|Any CPU
		{3D0B471B-62B0-4345-B99F-57EEFEB97F5A}.Release|Any CPU.Build.0 = Release|Any CPU
		{9F172953-73FA-4598-9D07-AE40D8CE45F8}.Debug|Any CPU.ActiveCfg = Debug|Any CPU
		{9F172953-73FA-4598-9D07-AE40D8CE45F8}.Debug|Any CPU.Build.0 = Debug|Any CPU
		{9F172953-73FA-4598-9D07-AE40D8CE45F8}.Release|Any CPU.ActiveCfg = Release|Any CPU
		{9F172953-73FA-4598-9D07-AE40D8CE45F8}.Release|Any CPU.Build.0 = Release|Any CPU
		{6995F43E-53F2-4428-ADE2-492EAB7043D6}.Debug|Any CPU.ActiveCfg = Debug|Any CPU
		{6995F43E-53F2-4428-ADE2-492EAB7043D6}.Debug|Any CPU.Build.0 = Debug|Any CPU
		{6995F43E-53F2-4428-ADE2-492EAB7043D6}.Release|Any CPU.ActiveCfg = Release|Any CPU
		{6995F43E-53F2-4428-ADE2-492EAB7043D6}.Release|Any CPU.Build.0 = Release|Any CPU
		{CF7977CA-437D-4AC0-87E1-3ABAD720C0F6}.Debug|Any CPU.ActiveCfg = Debug|Any CPU
		{CF7977CA-437D-4AC0-87E1-3ABAD720C0F6}.Debug|Any CPU.Build.0 = Debug|Any CPU
		{CF7977CA-437D-4AC0-87E1-3ABAD720C0F6}.Release|Any CPU.ActiveCfg = Release|Any CPU
		{CF7977CA-437D-4AC0-87E1-3ABAD720C0F6}.Release|Any CPU.Build.0 = Release|Any CPU
		{0C0576CA-1E71-43F9-A66A-E5FD563D1CE3}.Debug|Any CPU.ActiveCfg = Debug|Any CPU
		{0C0576CA-1E71-43F9-A66A-E5FD563D1CE3}.Debug|Any CPU.Build.0 = Debug|Any CPU
		{0C0576CA-1E71-43F9-A66A-E5FD563D1CE3}.Release|Any CPU.ActiveCfg = Release|Any CPU
		{0C0576CA-1E71-43F9-A66A-E5FD563D1CE3}.Release|Any CPU.Build.0 = Release|Any CPU
		{BCFD38C3-3118-4A46-BFF6-B30A789B3395}.Debug|Any CPU.ActiveCfg = Debug|Any CPU
		{BCFD38C3-3118-4A46-BFF6-B30A789B3395}.Debug|Any CPU.Build.0 = Debug|Any CPU
		{BCFD38C3-3118-4A46-BFF6-B30A789B3395}.Release|Any CPU.ActiveCfg = Release|Any CPU
		{BCFD38C3-3118-4A46-BFF6-B30A789B3395}.Release|Any CPU.Build.0 = Release|Any CPU
		{3369317B-46A1-40CF-95DA-7A50619300CE}.Debug|Any CPU.ActiveCfg = Debug|Any CPU
		{3369317B-46A1-40CF-95DA-7A50619300CE}.Debug|Any CPU.Build.0 = Debug|Any CPU
		{3369317B-46A1-40CF-95DA-7A50619300CE}.Release|Any CPU.ActiveCfg = Release|Any CPU
		{3369317B-46A1-40CF-95DA-7A50619300CE}.Release|Any CPU.Build.0 = Release|Any CPU
		{90C7EC07-D993-41CB-9037-54F7A4D84C7A}.Debug|Any CPU.ActiveCfg = Debug|Any CPU
		{90C7EC07-D993-41CB-9037-54F7A4D84C7A}.Debug|Any CPU.Build.0 = Debug|Any CPU
		{90C7EC07-D993-41CB-9037-54F7A4D84C7A}.Release|Any CPU.ActiveCfg = Release|Any CPU
		{90C7EC07-D993-41CB-9037-54F7A4D84C7A}.Release|Any CPU.Build.0 = Release|Any CPU
		{5629544F-7C71-4691-8554-EB323CE8D88E}.Debug|Any CPU.ActiveCfg = Debug|Any CPU
		{5629544F-7C71-4691-8554-EB323CE8D88E}.Debug|Any CPU.Build.0 = Debug|Any CPU
		{5629544F-7C71-4691-8554-EB323CE8D88E}.Release|Any CPU.ActiveCfg = Release|Any CPU
		{5629544F-7C71-4691-8554-EB323CE8D88E}.Release|Any CPU.Build.0 = Release|Any CPU
		{CD0E1BC6-8168-49E1-BC51-7CEF1279BFE2}.Debug|Any CPU.ActiveCfg = Debug|Any CPU
		{CD0E1BC6-8168-49E1-BC51-7CEF1279BFE2}.Debug|Any CPU.Build.0 = Debug|Any CPU
		{CD0E1BC6-8168-49E1-BC51-7CEF1279BFE2}.Release|Any CPU.ActiveCfg = Release|Any CPU
		{CD0E1BC6-8168-49E1-BC51-7CEF1279BFE2}.Release|Any CPU.Build.0 = Release|Any CPU
		{50F9458C-0201-454B-8253-E4D5F162EF18}.Debug|Any CPU.ActiveCfg = Debug|Any CPU
		{50F9458C-0201-454B-8253-E4D5F162EF18}.Debug|Any CPU.Build.0 = Debug|Any CPU
		{50F9458C-0201-454B-8253-E4D5F162EF18}.Release|Any CPU.ActiveCfg = Release|Any CPU
		{50F9458C-0201-454B-8253-E4D5F162EF18}.Release|Any CPU.Build.0 = Release|Any CPU
		{1E0476EA-0228-4BC0-B48E-30C1632D9294}.Debug|Any CPU.ActiveCfg = Debug|Any CPU
		{1E0476EA-0228-4BC0-B48E-30C1632D9294}.Debug|Any CPU.Build.0 = Debug|Any CPU
		{1E0476EA-0228-4BC0-B48E-30C1632D9294}.Release|Any CPU.ActiveCfg = Release|Any CPU
		{1E0476EA-0228-4BC0-B48E-30C1632D9294}.Release|Any CPU.Build.0 = Release|Any CPU
		{7E015DA6-48E5-48E9-96DD-A9CFB9709B73}.Debug|Any CPU.ActiveCfg = Debug|Any CPU
		{7E015DA6-48E5-48E9-96DD-A9CFB9709B73}.Debug|Any CPU.Build.0 = Debug|Any CPU
		{7E015DA6-48E5-48E9-96DD-A9CFB9709B73}.Release|Any CPU.ActiveCfg = Release|Any CPU
		{7E015DA6-48E5-48E9-96DD-A9CFB9709B73}.Release|Any CPU.Build.0 = Release|Any CPU
		{586C8A29-73CE-4999-BC12-7C7269760CBC}.Debug|Any CPU.ActiveCfg = Debug|Any CPU
		{586C8A29-73CE-4999-BC12-7C7269760CBC}.Debug|Any CPU.Build.0 = Debug|Any CPU
		{586C8A29-73CE-4999-BC12-7C7269760CBC}.Release|Any CPU.ActiveCfg = Release|Any CPU
		{586C8A29-73CE-4999-BC12-7C7269760CBC}.Release|Any CPU.Build.0 = Release|Any CPU
		{76DC4394-3830-4DE3-9DA0-BA90A0344390}.Debug|Any CPU.ActiveCfg = Debug|Any CPU
		{76DC4394-3830-4DE3-9DA0-BA90A0344390}.Debug|Any CPU.Build.0 = Debug|Any CPU
		{76DC4394-3830-4DE3-9DA0-BA90A0344390}.Release|Any CPU.ActiveCfg = Release|Any CPU
		{76DC4394-3830-4DE3-9DA0-BA90A0344390}.Release|Any CPU.Build.0 = Release|Any CPU
		{203D85B6-F192-487C-875B-B219221C1C64}.Debug|Any CPU.ActiveCfg = Debug|Any CPU
		{203D85B6-F192-487C-875B-B219221C1C64}.Debug|Any CPU.Build.0 = Debug|Any CPU
		{203D85B6-F192-487C-875B-B219221C1C64}.Release|Any CPU.ActiveCfg = Release|Any CPU
		{203D85B6-F192-487C-875B-B219221C1C64}.Release|Any CPU.Build.0 = Release|Any CPU
		{0F9CDAF7-0FF5-4DA3-8403-AFD9B7F7D5F6}.Debug|Any CPU.ActiveCfg = Debug|Any CPU
		{0F9CDAF7-0FF5-4DA3-8403-AFD9B7F7D5F6}.Debug|Any CPU.Build.0 = Debug|Any CPU
		{0F9CDAF7-0FF5-4DA3-8403-AFD9B7F7D5F6}.Release|Any CPU.ActiveCfg = Release|Any CPU
		{0F9CDAF7-0FF5-4DA3-8403-AFD9B7F7D5F6}.Release|Any CPU.Build.0 = Release|Any CPU
		{0EC3B03C-AFD6-469A-868A-E70301073629}.Debug|Any CPU.ActiveCfg = Debug|Any CPU
		{0EC3B03C-AFD6-469A-868A-E70301073629}.Debug|Any CPU.Build.0 = Debug|Any CPU
		{0EC3B03C-AFD6-469A-868A-E70301073629}.Release|Any CPU.ActiveCfg = Release|Any CPU
		{0EC3B03C-AFD6-469A-868A-E70301073629}.Release|Any CPU.Build.0 = Release|Any CPU
		{EDAD02F1-4248-4817-AAEC-92BFD6D7D9DC}.Debug|Any CPU.ActiveCfg = Debug|Any CPU
		{EDAD02F1-4248-4817-AAEC-92BFD6D7D9DC}.Debug|Any CPU.Build.0 = Debug|Any CPU
		{EDAD02F1-4248-4817-AAEC-92BFD6D7D9DC}.Release|Any CPU.ActiveCfg = Release|Any CPU
		{EDAD02F1-4248-4817-AAEC-92BFD6D7D9DC}.Release|Any CPU.Build.0 = Release|Any CPU
		{169F2309-4B31-4241-8FC7-1B4077F85921}.Debug|Any CPU.ActiveCfg = Debug|Any CPU
		{169F2309-4B31-4241-8FC7-1B4077F85921}.Debug|Any CPU.Build.0 = Debug|Any CPU
		{169F2309-4B31-4241-8FC7-1B4077F85921}.Release|Any CPU.ActiveCfg = Release|Any CPU
		{169F2309-4B31-4241-8FC7-1B4077F85921}.Release|Any CPU.Build.0 = Release|Any CPU
		{E1ADF62C-464D-47AB-95E3-902D76C050DC}.Debug|Any CPU.ActiveCfg = Debug|Any CPU
		{E1ADF62C-464D-47AB-95E3-902D76C050DC}.Debug|Any CPU.Build.0 = Debug|Any CPU
		{E1ADF62C-464D-47AB-95E3-902D76C050DC}.Release|Any CPU.ActiveCfg = Release|Any CPU
		{E1ADF62C-464D-47AB-95E3-902D76C050DC}.Release|Any CPU.Build.0 = Release|Any CPU
		{094FC278-931B-4685-B09C-D6D461B971E9}.Debug|Any CPU.ActiveCfg = Debug|Any CPU
		{094FC278-931B-4685-B09C-D6D461B971E9}.Debug|Any CPU.Build.0 = Debug|Any CPU
		{094FC278-931B-4685-B09C-D6D461B971E9}.Release|Any CPU.ActiveCfg = Release|Any CPU
		{094FC278-931B-4685-B09C-D6D461B971E9}.Release|Any CPU.Build.0 = Release|Any CPU
		{3CF7F1DC-1420-4C9C-A316-3F141A263013}.Debug|Any CPU.ActiveCfg = Debug|Any CPU
		{3CF7F1DC-1420-4C9C-A316-3F141A263013}.Debug|Any CPU.Build.0 = Debug|Any CPU
		{3CF7F1DC-1420-4C9C-A316-3F141A263013}.Release|Any CPU.ActiveCfg = Release|Any CPU
		{3CF7F1DC-1420-4C9C-A316-3F141A263013}.Release|Any CPU.Build.0 = Release|Any CPU
		{CB4C66FF-CEA7-44E4-A7B9-D778F69FC730}.Debug|Any CPU.ActiveCfg = Debug|Any CPU
		{CB4C66FF-CEA7-44E4-A7B9-D778F69FC730}.Debug|Any CPU.Build.0 = Debug|Any CPU
		{CB4C66FF-CEA7-44E4-A7B9-D778F69FC730}.Release|Any CPU.ActiveCfg = Release|Any CPU
		{CB4C66FF-CEA7-44E4-A7B9-D778F69FC730}.Release|Any CPU.Build.0 = Release|Any CPU
		{660D22DA-D6BD-449B-B1B5-1DFA31D50BAC}.Debug|Any CPU.ActiveCfg = Debug|Any CPU
		{660D22DA-D6BD-449B-B1B5-1DFA31D50BAC}.Debug|Any CPU.Build.0 = Debug|Any CPU
		{660D22DA-D6BD-449B-B1B5-1DFA31D50BAC}.Release|Any CPU.ActiveCfg = Release|Any CPU
		{660D22DA-D6BD-449B-B1B5-1DFA31D50BAC}.Release|Any CPU.Build.0 = Release|Any CPU
		{0637C370-1908-40AF-93F2-E5A3BBC391A1}.Debug|Any CPU.ActiveCfg = Debug|Any CPU
		{0637C370-1908-40AF-93F2-E5A3BBC391A1}.Debug|Any CPU.Build.0 = Debug|Any CPU
		{0637C370-1908-40AF-93F2-E5A3BBC391A1}.Release|Any CPU.ActiveCfg = Release|Any CPU
		{0637C370-1908-40AF-93F2-E5A3BBC391A1}.Release|Any CPU.Build.0 = Release|Any CPU
	EndGlobalSection
EndGlobal
